{
  "lockfileVersion": 1,
  "configVersion": 1,
  "workspaces": {
    "": {
      "name": "omp-plugins",
      "dependencies": {
        "pi-freeflow": "^1.34.0",
      },
    },
  },
  "packages": {
    "pi-freeflow": ["pi-freeflow@1.34.0", "", { "dependencies": { "undici": "7.30.0" } }, "sha512-F5pRkNTrrpTjyU+PoU88Ig/+0KmHNrEk4maLfZJk1rJ9TLPF8yC8bcVA1iPFaC/bs+q7t7p1OvNCsWtUK0IFRA=="],

    "undici": ["undici@7.30.0", "", {}, "sha512-dkrQXeHSaoamnItlYbmzG0wFYrM0ZwDxCIg0A7aKjTyyhh9svRzCNFEzV+Vm05/yehjCzjDZ31KXfGEjYSztDQ=="],
  }
}
